<?xml version="1.0" encoding="utf-8"?>
<Project ToolsVersion="4.0" xmlns="http://schemas.microsoft.com/developer/msbuild/2003">
  <ItemGroup>
    <Filter Include="Source Files">
      <UniqueIdentifier>{4FC737F1-C7A5-4376-A066-2A32D752A2FF}</UniqueIdentifier>
      <Extensions>cpp;c;cc;cxx;def;odl;idl;hpj;bat;asm;asmx</Extensions>
    </Filter>
    <Filter Include="Header Files">
      <UniqueIdentifier>{93995380-89BD-4b04-88EB-625FBE52EBFB}</UniqueIdentifier>
      <Extensions>h;hh;hpp;hxx;hm;inl;inc;ipp;xsd</Extensions>
    </Filter>
    <Filter Include="Resource Files">
      <UniqueIdentifier>{67DA6AB6-F800-4c08-8B7A-83BB121AAD01}</UniqueIdentifier>
      <Extensions>rc;ico;cur;bmp;dlg;rc2;rct;bin;rgs;gif;jpg;jpeg;jpe;resx;tiff;tif;png;wav;mfcribbon-ms</Extensions>
    </Filter>
  </ItemGroup>
  <ItemGroup>
    <ClInclude Include="Headers\arule.h">
      <Filter>Header Files</Filter>
    </ClInclude>
    <ClInclude Include="Headers\clsm.h">
      <Filter>Header Files</Filter>
    </ClInclude>
    <ClInclude Include="Headers\crule.h">
      <Filter>Header Files</Filter>
    </ClInclude>
    <ClInclude Include="Headers\DBFFILE.H">
      <Filter>Header Files</Filter>
    </ClInclude>
    <ClInclude Include="Headers\dem.h">
      <Filter>Header Files</Filter>
    </ClInclude>
    <ClInclude Include="Headers\DEMPROCESS.H">
      <Filter>Header Files</Filter>
    </ClInclude>
    <ClInclude Include="Headers\esriasc.h">
      <Filter>Header Files</Filter>
    </ClInclude>
    <ClInclude Include="Headers\esriflt.h">
      <Filter>Header Files</Filter>
    </ClInclude>
    <ClInclude Include="Headers\facetprocess.h">
      <Filter>Header Files</Filter>
    </ClInclude>
    <ClInclude Include="Headers\flowmapR.h">
      <Filter>Header Files</Filter>
    </ClInclude>
    <ClInclude Include="Headers\form.h">
      <Filter>Header Files</Filter>
    </ClInclude>
    <ClInclude Include="Headers\formprocess.h">
      <Filter>Header Files</Filter>
    </ClInclude>
    <ClInclude Include="Headers\idem.h">
      <Filter>Header Files</Filter>
    </ClInclude>
    <ClInclude Include="Headers\ioconductor.h">
      <Filter>Header Files</Filter>
    </ClInclude>
    <ClInclude Include="Headers\len.h">
      <Filter>Header Files</Filter>
    </ClInclude>
    <ClInclude Include="Headers\pond.h">
      <Filter>Header Files</Filter>
    </ClInclude>
    <ClInclude Include="Headers\relz.h">
      <Filter>Header Files</Filter>
    </ClInclude>
    <ClInclude Include="Headers\RelzExtraForLen.h">
      <Filter>Header Files</Filter>
    </ClInclude>
    <ClInclude Include="Headers\SORT.H">
      <Filter>Header Files</Filter>
    </ClInclude>
    <ClInclude Include="Headers\SORTD.H">
      <Filter>Header Files</Filter>
    </ClInclude>
    <ClInclude Include="Headers\stdafx.h">
      <Filter>Header Files</Filter>
    </ClInclude>
    <ClInclude Include="Headers\targetver.h">
      <Filter>Header Files</Filter>
    </ClInclude>
    <ClInclude Include="Headers\vold.h">
      <Filter>Header Files</Filter>
    </ClInclude>
    <ClInclude Include="Headers\VOLDFILE.H">
      <Filter>Header Files</Filter>
    </ClInclude>
  </ItemGroup>
  <ItemGroup>
    <ClCompile Include="Source\arule.cpp">
      <Filter>Source Files</Filter>
    </ClCompile>
    <ClCompile Include="Source\clsm.cpp">
      <Filter>Source Files</Filter>
    </ClCompile>
    <ClCompile Include="Source\CodeLandmapRTest.cpp">
      <Filter>Source Files</Filter>
    </ClCompile>
    <ClCompile Include="Source\crule.cpp">
      <Filter>Source Files</Filter>
    </ClCompile>
    <ClCompile Include="Source\DBFFILE.CPP">
      <Filter>Source Files</Filter>
    </ClCompile>
    <ClCompile Include="Source\dem.cpp">
      <Filter>Source Files</Filter>
    </ClCompile>
    <ClCompile Include="Source\DEMPROCESS.CPP">
      <Filter>Source Files</Filter>
    </ClCompile>
    <ClCompile Include="Source\dllmain.cpp">
      <Filter>Source Files</Filter>
    </ClCompile>
    <ClCompile Include="Source\esriasc.cpp">
      <Filter>Source Files</Filter>
    </ClCompile>
    <ClCompile Include="Source\esriflt.cpp">
      <Filter>Source Files</Filter>
    </ClCompile>
    <ClCompile Include="Source\facetprocess.cpp">
      <Filter>Source Files</Filter>
    </ClCompile>
    <ClCompile Include="Source\flowmapR.cpp">
      <Filter>Source Files</Filter>
    </ClCompile>
    <ClCompile Include="Source\form.cpp">
      <Filter>Source Files</Filter>
    </ClCompile>
    <ClCompile Include="Source\formprocess.cpp">
      <Filter>Source Files</Filter>
    </ClCompile>
    <ClCompile Include="Source\idem.cpp">
      <Filter>Source Files</Filter>
    </ClCompile>
    <ClCompile Include="Source\ioconductor.cpp">
      <Filter>Source Files</Filter>
    </ClCompile>
    <ClCompile Include="Source\LandMapRDLL.cpp">
      <Filter>Source Files</Filter>
    </ClCompile>
    <ClCompile Include="Source\len.cpp">
      <Filter>Source Files</Filter>
    </ClCompile>
    <ClCompile Include="Source\pond.cpp">
      <Filter>Source Files</Filter>
    </ClCompile>
    <ClCompile Include="Source\relz.cpp">
      <Filter>Source Files</Filter>
    </ClCompile>
    <ClCompile Include="Source\RelzExtraForLen.cpp">
      <Filter>Source Files</Filter>
    </ClCompile>
    <ClCompile Include="Source\SORTD.CPP">
      <Filter>Source Files</Filter>
    </ClCompile>
    <ClCompile Include="Source\vold.cpp">
      <Filter>Source Files</Filter>
    </ClCompile>
    <ClCompile Include="Source\VOLDFILE.CPP">
      <Filter>Source Files</Filter>
    </ClCompile>
  </ItemGroup>
</Project>